
Microsoft Visual Studio Solution File, Format Version 12.00
# Visual Studio 2013
VisualStudioVersion = 12.0.21005.1
MinimumVisualStudioVersion = 10.0.40219.1
Project("{FAE04EC0-301F-11D3-BF4B-00C04F79EFBC}") = "TicTacToeBase", "TicTacToe\TicTacToeBase.csproj", "{CED99F76-79E8-4968-83BB-45024F3BA64D}"
EndProject
Project("{FAE04EC0-301F-11D3-BF4B-00C04F79EFBC}") = "T3Test", "T3Test\T3Test.csproj", "{6C8D7C50-3C5F-4FEE-AD0B-C2CCDC295133}"
EndProject
Project("{2150E333-8FDC-42A3-9474-1A3956D46DE8}") = "Solution Items", "Solution Items", "{ED093A98-FB1D-4796-A01E-73B79ED4A614}"
	ProjectSection(SolutionItems) = preProject
		Licence.txt = Licence.txt
		Readme.md = Readme.md
	EndProjectSection
EndProject
Project("{FAE04EC0-301F-11D3-BF4B-00C04F79EFBC}") = "T3WPFGui", "T3WPFGui\T3WPFGui.csproj", "{D71AB7F5-6007-4833-97E4-35CE9B386420}"
EndProject
Project("{FAE04EC0-301F-11D3-BF4B-00C04F79EFBC}") = "T3Network", "T3Network\T3Network.csproj", "{8A7FB64E-34D3-4FD9-820C-F0A382F755BD}"
EndProject
Project("{FAE04EC0-301F-11D3-BF4B-00C04F79EFBC}") = "T3DBStatRepository", "T3DBStatRepository\T3DBStatRepository.csproj", "{DE4FE4AF-809D-43FA-81F6-F583509628DF}"
EndProject
Global
	GlobalSection(SolutionConfigurationPlatforms) = preSolution
		Debug|Any CPU = Debug|Any CPU
		Release|Any CPU = Release|Any CPU
	EndGlobalSection
	GlobalSection(ProjectConfigurationPlatforms) = postSolution
		{CED99F76-79E8-4968-83BB-45024F3BA64D}.Debug|Any CPU.ActiveCfg = Debug|Any CPU
		{CED99F76-79E8-4968-83BB-45024F3BA64D}.Debug|Any CPU.Build.0 = Debug|Any CPU
		{CED99F76-79E8-4968-83BB-45024F3BA64D}.Release|Any CPU.ActiveCfg = Release|Any CPU
		{CED99F76-79E8-4968-83BB-45024F3BA64D}.Release|Any CPU.Build.0 = Release|Any CPU
		{6C8D7C50-3C5F-4FEE-AD0B-C2CCDC295133}.Debug|Any CPU.ActiveCfg = Debug|Any CPU
		{6C8D7C50-3C5F-4FEE-AD0B-C2CCDC295133}.Debug|Any CPU.Build.0 = Debug|Any CPU
		{6C8D7C50-3C5F-4FEE-AD0B-C2CCDC295133}.Release|Any CPU.ActiveCfg = Release|Any CPU
		{6C8D7C50-3C5F-4FEE-AD0B-C2CCDC295133}.Release|Any CPU.Build.0 = Release|Any CPU
		{D71AB7F5-6007-4833-97E4-35CE9B386420}.Debug|Any CPU.ActiveCfg = Debug|Any CPU
		{D71AB7F5-6007-4833-97E4-35CE9B386420}.Debug|Any CPU.Build.0 = Debug|Any CPU
		{D71AB7F5-6007-4833-97E4-35CE9B386420}.Release|Any CPU.ActiveCfg = Release|Any CPU
		{D71AB7F5-6007-4833-97E4-35CE9B386420}.Release|Any CPU.Build.0 = Release|Any CPU
		{8A7FB64E-34D3-4FD9-820C-F0A382F755BD}.Debug|Any CPU.ActiveCfg = Debug|Any CPU
		{8A7FB64E-34D3-4FD9-820C-F0A382F755BD}.Debug|Any CPU.Build.0 = Debug|Any CPU
		{8A7FB64E-34D3-4FD9-820C-F0A382F755BD}.Release|Any CPU.ActiveCfg = Release|Any CPU
		{8A7FB64E-34D3-4FD9-820C-F0A382F755BD}.Release|Any CPU.Build.0 = Release|Any CPU
		{DE4FE4AF-809D-43FA-81F6-F583509628DF}.Debug|Any CPU.ActiveCfg = Debug|Any CPU
		{DE4FE4AF-809D-43FA-81F6-F583509628DF}.Debug|Any CPU.Build.0 = Debug|Any CPU
		{DE4FE4AF-809D-43FA-81F6-F583509628DF}.Release|Any CPU.ActiveCfg = Release|Any CPU
		{DE4FE4AF-809D-43FA-81F6-F583509628DF}.Release|Any CPU.Build.0 = Release|Any CPU
	EndGlobalSection
	GlobalSection(SolutionProperties) = preSolution
		HideSolutionNode = FALSE
	EndGlobalSection
EndGlobal
